
Microsoft Visual Studio Solution File, Format Version 12.00
# Visual Studio Version 17
VisualStudioVersion = 17.10.34928.147
MinimumVisualStudioVersion = 10.0.40219.1
Project("{9A19103F-16F7-4668-BE54-9A1E7A4F7556}") = "EmrCalendar", "EmrCalendar\EmrCalendar.csproj", "{64BE2318-74DD-4473-9F04-C9F231C9FA4C}"
EndProject
Global
	GlobalSection(SolutionConfigurationPlatforms) = preSolution
		Debug|Any CPU = Debug|Any CPU
		Release|Any CPU = Release|Any CPU
	EndGlobalSection
	GlobalSection(ProjectConfigurationPlatforms) = postSolution
		{64BE2318-74DD-4473-9F04-C9F231C9FA4C}.Debug|Any CPU.ActiveCfg = Debug|Any CPU
		{64BE2318-74DD-4473-9F04-C9F231C9FA4C}.Debug|Any CPU.Build.0 = Debug|Any CPU
		{64BE2318-74DD-4473-9F04-C9F231C9FA4C}.Release|Any CPU.ActiveCfg = Release|Any CPU
		{64BE2318-74DD-4473-9F04-C9F231C9FA4C}.Release|Any CPU.Build.0 = Release|Any CPU
	EndGlobalSection
	GlobalSection(SolutionProperties) = preSolution
		HideSolutionNode = FALSE
	EndGlobalSection
	GlobalSection(ExtensibilityGlobals) = postSolution
		SolutionGuid = {EE4FAC55-9852-47C2-B159-96E4238AAF0D}
	EndGlobalSection
EndGlobal
